dependencies:
  espressif/mdns:
    component_hash: 8bcf12e37c58c1d584aef32a02b92548124c7a3a9fcf548d3235c844a035e0f0
    dependencies:
    - name: idf
      require: private
      version: '>=5.0'
    source:
      registry_url: https://components.espressif.com/
      type: service
    version: 1.11.1
  idf:
    source:
      type: idf
    version: 5.5.3
  protocol_examples_common:
    dependencies: []
    source:
      path: C:\esp\v5.5.3\esp-idf\examples\common_components\protocol_examples_common
      type: local
    version: '*'
direct_dependencies:
- espressif/mdns
- protocol_examples_common
manifest_hash: d3c53e18afc5885977e293b9fcbf8fc93e2aa104db6b438ac0e9fcabe5bc1047
target: esp32c5
version: 2.0.0
